
Microsoft Visual Studio Solution File, Format Version 12.00
# Visual Studio Version 17
VisualStudioVersion = 17.2.32616.157
MinimumVisualStudioVersion = 10.0.40219.1
Project("{9A19103F-16F7-4668-BE54-9A1E7A4F7556}") = "FluentSearchEngine", "FluentSearchEngine.csproj", "{B18EB446-95AE-4F8B-B66C-122E7C8C019A}"
EndProject
Project("{FAE04EC0-301F-11D3-BF4B-00C04F79EFBC}") = "FluentSearchEngine.Tests", "Tests\FluentSearchEngine.Tests\FluentSearchEngine.Tests.csproj", "{0383BF65-CF27-416D-88FC-2452EE4ED3F2}"
EndProject
Global
	GlobalSection(SolutionConfigurationPlatforms) = preSolution
		Debug|Any CPU = Debug|Any CPU
		Release|Any CPU = Release|Any CPU
	EndGlobalSection
	GlobalSection(ProjectConfigurationPlatforms) = postSolution
		{B18EB446-95AE-4F8B-B66C-122E7C8C019A}.Debug|Any CPU.ActiveCfg = Debug|Any CPU
		{B18EB446-95AE-4F8B-B66C-122E7C8C019A}.Debug|Any CPU.Build.0 = Debug|Any CPU
		{B18EB446-95AE-4F8B-B66C-122E7C8C019A}.Release|Any CPU.ActiveCfg = Release|Any CPU
		{B18EB446-95AE-4F8B-B66C-122E7C8C019A}.Release|Any CPU.Build.0 = Release|Any CPU
		{0383BF65-CF27-416D-88FC-2452EE4ED3F2}.Debug|Any CPU.ActiveCfg = Debug|Any CPU
		{0383BF65-CF27-416D-88FC-2452EE4ED3F2}.Debug|Any CPU.Build.0 = Debug|Any CPU
		{0383BF65-CF27-416D-88FC-2452EE4ED3F2}.Release|Any CPU.ActiveCfg = Release|Any CPU
		{0383BF65-CF27-416D-88FC-2452EE4ED3F2}.Release|Any CPU.Build.0 = Release|Any CPU
	EndGlobalSection
	GlobalSection(SolutionProperties) = preSolution
		HideSolutionNode = FALSE
	EndGlobalSection
	GlobalSection(ExtensibilityGlobals) = postSolution
		SolutionGuid = {1ACFFA72-8F3E-4ED7-BE14-328233928CB7}
	EndGlobalSection
EndGlobal
